
Microsoft Visual Studio Solution File, Format Version 12.00
# Visual Studio Version 16
VisualStudioVersion = 16.0.30517.126
MinimumVisualStudioVersion = 10.0.40219.1
Project("{FAE04EC0-301F-11D3-BF4B-00C04F79EFBC}") = "SeamlessMouse", "SeamlessMouse.csproj", "{ED129D19-6893-4390-BA9F-6CCF52B38D9C}"
EndProject
Global
	GlobalSection(SolutionConfigurationPlatforms) = preSolution
		Debug|Any CPU = Debug|Any CPU
		Release|Any CPU = Release|Any CPU
	EndGlobalSection
	GlobalSection(ProjectConfigurationPlatforms) = postSolution
		{ED129D19-6893-4390-BA9F-6CCF52B38D9C}.Debug|Any CPU.ActiveCfg = Debug|Any CPU
		{ED129D19-6893-4390-BA9F-6CCF52B38D9C}.Debug|Any CPU.Build.0 = Debug|Any CPU
		{ED129D19-6893-4390-BA9F-6CCF52B38D9C}.Release|Any CPU.ActiveCfg = Release|Any CPU
		{ED129D19-6893-4390-BA9F-6CCF52B38D9C}.Release|Any CPU.Build.0 = Release|Any CPU
	EndGlobalSection
	GlobalSection(SolutionProperties) = preSolution
		HideSolutionNode = FALSE
	EndGlobalSection
	GlobalSection(ExtensibilityGlobals) = postSolution
		SolutionGuid = {52AFF552-A1A7-4124-ADAA-5E2BB4C3499A}
	EndGlobalSection
EndGlobal
